PODS:
  - Flutter (1.0.0)
  - flutter_aubio (0.5.0):
    - Flutter

DEPENDENCIES:
  - Flutter (from `Flutter`)
  - flutter_aubio (from `.symlinks/plugins/flutter_aubio/ios`)

EXTERNAL SOURCES:
  Flutter:
    :path: Flutter
  flutter_aubio:
    :path: ".symlinks/plugins/flutter_aubio/ios"

SPEC CHECKSUMS:
  Flutter: 434fef37c0980e73bb6479ef766c45957d4b510c
  flutter_aubio: 7ebd9c511d7c6b2e77878e3b41fd8886d1e22599

PODFILE CHECKSUM: aafe91acc616949ddb318b77800a7f51bffa2a4c

COCOAPODS: 1.10.1
